
Microsoft Visual Studio Solution File, Format Version 12.00
# Visual Studio Version 17
VisualStudioVersion = 17.0.31903.59
MinimumVisualStudioVersion = 10.0.40219.1
Project("{FAE04EC0-301F-11D3-BF4B-00C04F79EFBC}") = "BroadwayDirect.Core", "BroadwayDirect.Core\BroadwayDirect.Core.csproj", "{E303E516-C1C1-4482-B41B-8BED925A28CF}"
EndProject
Project("{FAE04EC0-301F-11D3-BF4B-00C04F79EFBC}") = "BroadwayDirect.Tests", "BroadwayDirect.Tests\BroadwayDirect.Tests.csproj", "{76EC9400-9B4C-4F45-9024-6F653349BC33}"
EndProject
Project("{FAE04EC0-301F-11D3-BF4B-00C04F79EFBC}") = "BroadwayDirect.Fetch", "BroadwayDirect.Fetch\BroadwayDirect.Fetch.csproj", "{648FB1D6-1937-43C5-AB68-7BD09AE753D7}"
EndProject
Project("{FAE04EC0-301F-11D3-BF4B-00C04F79EFBC}") = "BroadwayDirect.Api", "BroadwayDirect.Api\BroadwayDirect.Api.csproj", "{7609F2C4-32E5-4EBC-8035-285D2AA4427C}"
EndProject
Project("{FAE04EC0-301F-11D3-BF4B-00C04F79EFBC}") = "StubHub.Core", "StubHub.Core\StubHub.Core.csproj", "{52947B59-50C2-44A5-9A87-69E0EF538A5C}"
EndProject
Project("{FAE04EC0-301F-11D3-BF4B-00C04F79EFBC}") = "StubHub.Fetch", "StubHub.Fetch\StubHub.Fetch.csproj", "{9E3E60DD-3AB6-470E-8192-0286CB708B84}"
EndProject
Project("{FAE04EC0-301F-11D3-BF4B-00C04F79EFBC}") = "StubHub.Api", "StubHub.Api\StubHub.Api.csproj", "{A681D552-D0AF-4F90-A05E-C7D923D72E7A}"
EndProject
Project("{FAE04EC0-301F-11D3-BF4B-00C04F79EFBC}") = "StubHub.Tests", "StubHub.Tests\StubHub.Tests.csproj", "{CE90E493-C928-4D50-A63B-ED2E1FCF4F74}"
EndProject
Project("{FAE04EC0-301F-11D3-BF4B-00C04F79EFBC}") = "TicketMaster.Core", "TicketMaster.Core\TicketMaster.Core.csproj", "{8EAC4E5D-F1A7-4A8C-9E57-DF1A1B3C605F}"
EndProject
Project("{FAE04EC0-301F-11D3-BF4B-00C04F79EFBC}") = "TicketMaster.Fetch", "TicketMaster.Fetch\TicketMaster.Fetch.csproj", "{ED88F6EB-7D4D-4215-A9C3-6CA5BCB58DF3}"
EndProject
Project("{FAE04EC0-301F-11D3-BF4B-00C04F79EFBC}") = "TicketMaster.Api", "TicketMaster.Api\TicketMaster.Api.csproj", "{24FD0C5F-E6F8-40B9-8A5D-73B38B39684A}"
EndProject
Project("{FAE04EC0-301F-11D3-BF4B-00C04F79EFBC}") = "TicketMaster.Tests", "TicketMaster.Tests\TicketMaster.Tests.csproj", "{8B9568EB-AE67-4ACD-9DC5-3D5A5DF736E3}"
EndProject
Global
	GlobalSection(SolutionConfigurationPlatforms) = preSolution
		Debug|Any CPU = Debug|Any CPU
		Release|Any CPU = Release|Any CPU
	EndGlobalSection
	GlobalSection(SolutionProperties) = preSolution
		HideSolutionNode = FALSE
	EndGlobalSection
	GlobalSection(ProjectConfigurationPlatforms) = postSolution
		{E303E516-C1C1-4482-B41B-8BED925A28CF}.Debug|Any CPU.ActiveCfg = Debug|Any CPU
		{E303E516-C1C1-4482-B41B-8BED925A28CF}.Debug|Any CPU.Build.0 = Debug|Any CPU
		{E303E516-C1C1-4482-B41B-8BED925A28CF}.Release|Any CPU.ActiveCfg = Release|Any CPU
		{E303E516-C1C1-4482-B41B-8BED925A28CF}.Release|Any CPU.Build.0 = Release|Any CPU
		{76EC9400-9B4C-4F45-9024-6F653349BC33}.Debug|Any CPU.ActiveCfg = Debug|Any CPU
		{76EC9400-9B4C-4F45-9024-6F653349BC33}.Debug|Any CPU.Build.0 = Debug|Any CPU
		{76EC9400-9B4C-4F45-9024-6F653349BC33}.Release|Any CPU.ActiveCfg = Release|Any CPU
		{76EC9400-9B4C-4F45-9024-6F653349BC33}.Release|Any CPU.Build.0 = Release|Any CPU
		{648FB1D6-1937-43C5-AB68-7BD09AE753D7}.Debug|Any CPU.ActiveCfg = Debug|Any CPU
		{648FB1D6-1937-43C5-AB68-7BD09AE753D7}.Debug|Any CPU.Build.0 = Debug|Any CPU
		{648FB1D6-1937-43C5-AB68-7BD09AE753D7}.Release|Any CPU.ActiveCfg = Release|Any CPU
		{648FB1D6-1937-43C5-AB68-7BD09AE753D7}.Release|Any CPU.Build.0 = Release|Any CPU
		{7609F2C4-32E5-4EBC-8035-285D2AA4427C}.Debug|Any CPU.ActiveCfg = Debug|Any CPU
		{7609F2C4-32E5-4EBC-8035-285D2AA4427C}.Debug|Any CPU.Build.0 = Debug|Any CPU
		{7609F2C4-32E5-4EBC-8035-285D2AA4427C}.Release|Any CPU.ActiveCfg = Release|Any CPU
		{7609F2C4-32E5-4EBC-8035-285D2AA4427C}.Release|Any CPU.Build.0 = Release|Any CPU
		{52947B59-50C2-44A5-9A87-69E0EF538A5C}.Debug|Any CPU.ActiveCfg = Debug|Any CPU
		{52947B59-50C2-44A5-9A87-69E0EF538A5C}.Debug|Any CPU.Build.0 = Debug|Any CPU
		{52947B59-50C2-44A5-9A87-69E0EF538A5C}.Release|Any CPU.ActiveCfg = Release|Any CPU
		{52947B59-50C2-44A5-9A87-69E0EF538A5C}.Release|Any CPU.Build.0 = Release|Any CPU
		{9E3E60DD-3AB6-470E-8192-0286CB708B84}.Debug|Any CPU.ActiveCfg = Debug|Any CPU
		{9E3E60DD-3AB6-470E-8192-0286CB708B84}.Debug|Any CPU.Build.0 = Debug|Any CPU
		{9E3E60DD-3AB6-470E-8192-0286CB708B84}.Release|Any CPU.ActiveCfg = Release|Any CPU
		{9E3E60DD-3AB6-470E-8192-0286CB708B84}.Release|Any CPU.Build.0 = Release|Any CPU
		{A681D552-D0AF-4F90-A05E-C7D923D72E7A}.Debug|Any CPU.ActiveCfg = Debug|Any CPU
		{A681D552-D0AF-4F90-A05E-C7D923D72E7A}.Debug|Any CPU.Build.0 = Debug|Any CPU
		{A681D552-D0AF-4F90-A05E-C7D923D72E7A}.Release|Any CPU.ActiveCfg = Release|Any CPU
		{A681D552-D0AF-4F90-A05E-C7D923D72E7A}.Release|Any CPU.Build.0 = Release|Any CPU
		{CE90E493-C928-4D50-A63B-ED2E1FCF4F74}.Debug|Any CPU.ActiveCfg = Debug|Any CPU
		{CE90E493-C928-4D50-A63B-ED2E1FCF4F74}.Debug|Any CPU.Build.0 = Debug|Any CPU
		{CE90E493-C928-4D50-A63B-ED2E1FCF4F74}.Release|Any CPU.ActiveCfg = Release|Any CPU
		{CE90E493-C928-4D50-A63B-ED2E1FCF4F74}.Release|Any CPU.Build.0 = Release|Any CPU
		{8EAC4E5D-F1A7-4A8C-9E57-DF1A1B3C605F}.Debug|Any CPU.ActiveCfg = Debug|Any CPU
		{8EAC4E5D-F1A7-4A8C-9E57-DF1A1B3C605F}.Debug|Any CPU.Build.0 = Debug|Any CPU
		{8EAC4E5D-F1A7-4A8C-9E57-DF1A1B3C605F}.Release|Any CPU.ActiveCfg = Release|Any CPU
		{8EAC4E5D-F1A7-4A8C-9E57-DF1A1B3C605F}.Release|Any CPU.Build.0 = Release|Any CPU
		{ED88F6EB-7D4D-4215-A9C3-6CA5BCB58DF3}.Debug|Any CPU.ActiveCfg = Debug|Any CPU
		{ED88F6EB-7D4D-4215-A9C3-6CA5BCB58DF3}.Debug|Any CPU.Build.0 = Debug|Any CPU
		{ED88F6EB-7D4D-4215-A9C3-6CA5BCB58DF3}.Release|Any CPU.ActiveCfg = Release|Any CPU
		{ED88F6EB-7D4D-4215-A9C3-6CA5BCB58DF3}.Release|Any CPU.Build.0 = Release|Any CPU
		{24FD0C5F-E6F8-40B9-8A5D-73B38B39684A}.Debug|Any CPU.ActiveCfg = Debug|Any CPU
		{24FD0C5F-E6F8-40B9-8A5D-73B38B39684A}.Debug|Any CPU.Build.0 = Debug|Any CPU
		{24FD0C5F-E6F8-40B9-8A5D-73B38B39684A}.Release|Any CPU.ActiveCfg = Release|Any CPU
		{24FD0C5F-E6F8-40B9-8A5D-73B38B39684A}.Release|Any CPU.Build.0 = Release|Any CPU
		{8B9568EB-AE67-4ACD-9DC5-3D5A5DF736E3}.Debug|Any CPU.ActiveCfg = Debug|Any CPU
		{8B9568EB-AE67-4ACD-9DC5-3D5A5DF736E3}.Debug|Any CPU.Build.0 = Debug|Any CPU
		{8B9568EB-AE67-4ACD-9DC5-3D5A5DF736E3}.Release|Any CPU.ActiveCfg = Release|Any CPU
		{8B9568EB-AE67-4ACD-9DC5-3D5A5DF736E3}.Release|Any CPU.Build.0 = Release|Any CPU
	EndGlobalSection
EndGlobal
